// !$*UTF8*$!
{
	archiveVersion = 1;
	classes = {
	};
	objectVersion = 46;
	objects = {

/* Begin PBXBuildFile section */
		83627B471BF352F50062AB4E /* main.m in Sources */ = {isa = PBXBuildFile; fileRef = 83627B461BF352F50062AB4E /* main.m */; };
		83627B4A1BF352F50062AB4E /* AppDelegate.m in Sources */ = {isa = PBXBuildFile; fileRef = 83627B491BF352F50062AB4E /* AppDelegate.m */; };
		83627B4D1BF352F50062AB4E /* ViewController.m in Sources */ = {isa = PBXBuildFile; fileRef = 83627B4C1BF352F50062AB4E /* ViewController.m */; };
		83627B501BF352F50062AB4E /* Main.storyboard in Resources */ = {isa = PBXBuildFile; fileRef = 83627B4E1BF352F50062AB4E /* Main.storyboard */; };
		83627B521BF352F50062AB4E /* Assets.xcassets in Resources */ = {isa = PBXBuildFile; fileRef = 83627B511BF352F50062AB4E /* Assets.xcassets */; };
		83627B551BF352F50062AB4E /* LaunchScreen.storyboard in Resources */ = {isa = PBXBuildFile; fileRef = 83627B531BF352F50062AB4E /* LaunchScreen.storyboard */; };
		83627B601BF352F50062AB4E /* IOSEpiqTests.m in Sources */ = {isa = PBXBuildFile; fileRef = 83627B5F1BF352F50062AB4E /* IOSEpiqTests.m */; };
/* End PBXBuildFile section */

/* Begin PBXContainerItemProxy section */
		83627B5C1BF352F50062AB4E /* PBXContainerItemProxy */ = {
			isa = PBXContainerItemProxy;
			containerPortal = 83627B3A1BF352F50062AB4E /* Project object */;
			proxyType = 1;
			remoteGlobalIDString = 83627B411BF352F50062AB4E;
			remoteInfo = IOSEpiq;
		};
/* End PBXContainerItemProxy section */

/* Begin PBXFileReference section */
		83627B421BF352F50062AB4E /* IOSEpiq.app */ = {isa = PBXFileReference; explicitFileType = wrapper.application; includeInIndex = 0; path = IOSEpiq.app; sourceTree = BUILT_PRODUCTS_DIR; };
		83627B461BF352F50062AB4E /* main.m */ = {isa = PBXFileReference; lastKnownFileType = sourcecode.c.objc; path = main.m; sourceTree = "<group>"; };
		83627B481BF352F50062AB4E /* AppDelegate.h */ = {isa = PBXFileReference; lastKnownFileType = sourcecode.c.h; path = AppDelegate.h; sourceTree = "<group>"; };
		83627B491BF352F50062AB4E /* AppDelegate.m */ = {isa = PBXFileReference; lastKnownFileType = sourcecode.c.objc; path = AppDelegate.m; sourceTree = "<group>"; };
		83627B4B1BF352F50062AB4E /* ViewController.h */ = {isa = PBXFileReference; lastKnownFileType = sourcecode.c.h; path = ViewController.h; sourceTree = "<group>"; };
		83627B4C1BF352F50062AB4E /* ViewController.m */ = {isa = PBXFileReference; lastKnownFileType = sourcecode.c.objc; path = ViewController.m; sourceTree = "<group>"; };
		83627B4F1BF352F50062AB4E /* Base */ = {isa = PBXFileReference; lastKnownFileType = file.storyboard; name = Base; path = Base.lproj/Main.storyboard; sourceTree = "<group>"; };
		83627B511BF352F50062AB4E /* Assets.xcassets */ = {isa = PBXFileReference; lastKnownFileType = folder.assetcatalog; path = Assets.xcassets; sourceTree = "<group>"; };
		83627B541BF352F50062AB4E /* Base */ = {isa = PBXFileReference; lastKnownFileType = file.storyboard; name = Base; path = Base.lproj/LaunchScreen.storyboard; sourceTree = "<group>"; };
		83627B561BF352F50062AB4E /* Info.plist */ = {isa = PBXFileReference; lastKnownFileType = text.plist.xml; path = Info.plist; sourceTree = "<group>"; };
		83627B5B1BF352F50062AB4E /* IOSEpiqTests.xctest */ = {isa = PBXFileReference; explicitFileType = wrapper.cfbundle; includeInIndex = 0; path = IOSEpiqTests.xctest; sourceTree = BUILT_PRODUCTS_DIR; };
		83627B5F1BF352F50062AB4E /* IOSEpiqTests.m */ = {isa = PBXFileReference; lastKnownFileType = sourcecode.c.objc; path = IOSEpiqTests.m; sourceTree = "<group>"; };
		83627B611BF352F50062AB4E /* Info.plist */ = {isa = PBXFileReference; lastKnownFileType = text.plist.xml; path = Info.plist; sourceTree = "<group>"; };
/* End PBXFileReference section */

/* Begin PBXFrameworksBuildPhase section */
		83627B3F1BF352F50062AB4E /* Frameworks */ = {
			isa = PBXFrameworksBuildPhase;
			buildActionMask = 2147483647;
			files = (
			);
			runOnlyForDeploymentPostprocessing = 0;
		};
		83627B581BF352F50062AB4E /* Frameworks */ = {
			isa = PBXFrameworksBuildPhase;
			buildActionMask = 2147483647;
			files = (
			);
			runOnlyForDeploymentPostprocessing = 0;
		};
/* End PBXFrameworksBuildPhase section */

/* Begin PBXGroup section */
		83627B391BF352F50062AB4E = {
			isa = PBXGroup;
			children = (
				83627B441BF352F50062AB4E /* IOSEpiq */,
				83627B5E1BF352F50062AB4E /* IOSEpiqTests */,
				83627B431BF352F50062AB4E /* Products */,
			);
			sourceTree = "<group>";
		};
		83627B431BF352F50062AB4E /* Products */ = {
			isa = PBXGroup;
			children = (
				83627B421BF352F50062AB4E /* IOSEpiq.app */,
				83627B5B1BF352F50062AB4E /* IOSEpiqTests.xctest */,
			);
			name = Products;
			sourceTree = "<group>";
		};
		83627B441BF352F50062AB4E /* IOSEpiq */ = {
			isa = PBXGroup;
			children = (
				83627B481BF352F50062AB4E /* AppDelegate.h */,
				83627B491BF352F50062AB4E /* AppDelegate.m */,
				83627B4B1BF352F50062AB4E /* ViewController.h */,
				83627B4C1BF352F50062AB4E /* ViewController.m */,
				83627B4E1BF352F50062AB4E /* Main.storyboard */,
				83627B511BF352F50062AB4E /* Assets.xcassets */,
				83627B531BF352F50062AB4E /* LaunchScreen.storyboard */,
				83627B561BF352F50062AB4E /* Info.plist */,
				83627B451BF352F50062AB4E /* Supporting Files */,
			);
			path = IOSEpiq;
			sourceTree = "<group>";
		};
		83627B451BF352F50062AB4E /* Supporting Files */ = {
			isa = PBXGroup;
			children = (
				83627B461BF352F50062AB4E /* main.m */,
			);
			name = "Supporting Files";
			sourceTree = "<group>";
		};
		83627B5E1BF352F50062AB4E /* IOSEpiqTests */ = {
			isa = PBXGroup;
			children = (
				83627B5F1BF352F50062AB4E /* IOSEpiqTests.m */,
				83627B611BF352F50062AB4E /* Info.plist */,
			);
			path = IOSEpiqTests;
			sourceTree = "<group>";
		};
/* End PBXGroup section */

/* Begin PBXNativeTarget section */
		83627B411BF352F50062AB4E /* IOSEpiq */ = {
			isa = PBXNativeTarget;
			buildConfigurationList = 83627B641BF352F50062AB4E /* Build configuration list for PBXNativeTarget "IOSEpiq" */;
			buildPhases = (
				83627B3E1BF352F50062AB4E /* Sources */,
				83627B3F1BF352F50062AB4E /* Frameworks */,
				83627B401BF352F50062AB4E /* Resources */,
			);
			buildRules = (
			);
			dependencies = (
			);
			name = IOSEpiq;
			productName = IOSEpiq;
			productReference = 83627B421BF352F50062AB4E /* IOSEpiq.app */;
			productType = "com.apple.product-type.application";
		};
		83627B5A1BF352F50062AB4E /* IOSEpiqTests */ = {
			isa = PBXNativeTarget;
			buildConfigurationList = 83627B671BF352F50062AB4E /* Build configuration list for PBXNativeTarget "IOSEpiqTests" */;
			buildPhases = (
				83627B571BF352F50062AB4E /* Sources */,
				83627B581BF352F50062AB4E /* Frameworks */,
				83627B591BF352F50062AB4E /* Resources */,
			);
			buildRules = (
			);
			dependencies = (
				83627B5D1BF352F50062AB4E /* PBXTargetDependency */,
			);
			name = IOSEpiqTests;
			productName = IOSEpiqTests;
			productReference = 83627B5B1BF352F50062AB4E /* IOSEpiqTests.xctest */;
			productType = "com.apple.product-type.bundle.unit-test";
		};
/* End PBXNativeTarget section */

/* Begin PBXProject section */
		83627B3A1BF352F50062AB4E /* Project object */ = {
			isa = PBXProject;
			attributes = {
				LastUpgradeCheck = 0710;
				ORGANIZATIONNAME = "Christopher Morris";
				TargetAttributes = {
					83627B411BF352F50062AB4E = {
						CreatedOnToolsVersion = 7.1;
					};
					83627B5A1BF352F50062AB4E = {
						CreatedOnToolsVersion = 7.1;
						TestTargetID = 83627B411BF352F50062AB4E;
					};
				};
			};
			buildConfigurationList = 83627B3D1BF352F50062AB4E /* Build configuration list for PBXProject "IOSEpiq" */;
			compatibilityVersion = "Xcode 3.2";
			developmentRegion = English;
			hasScannedForEncodings = 0;
			knownRegions = (
				en,
				Base,
			);
			mainGroup = 83627B391BF352F50062AB4E;
			productRefGroup = 83627B431BF352F50062AB4E /* Products */;
			projectDirPath = "";
			projectRoot = "";
			targets = (
				83627B411BF352F50062AB4E /* IOSEpiq */,
				83627B5A1BF352F50062AB4E /* IOSEpiqTests */,
			);
		};
/* End PBXProject section */

/* Begin PBXResourcesBuildPhase section */
		83627B401BF352F50062AB4E /* Resources */ = {
			isa = PBXResourcesBuildPhase;
			buildActionMask = 2147483647;
			files = (
				83627B551BF352F50062AB4E /* LaunchScreen.storyboard in Resources */,
				83627B521BF352F50062AB4E /* Assets.xcassets in Resources */,
				83627B501BF352F50062AB4E /* Main.storyboard in Resources */,
			);
			runOnlyForDeploymentPostprocessing = 0;
		};
		83627B591BF352F50062AB4E /* Resources */ = {
			isa = PBXResourcesBuildPhase;
			buildActionMask = 2147483647;
			files = (
			);
			runOnlyForDeploymentPostprocessing = 0;
		};
/* End PBXResourcesBuildPhase section */

/* Begin PBXSourcesBuildPhase section */
		83627B3E1BF352F50062AB4E /* Sources */ = {
			isa = PBXSourcesBuildPhase;
			buildActionMask = 2147483647;
			files = (
				83627B4D1BF352F50062AB4E /* ViewController.m in Sources */,
				83627B4A1BF352F50062AB4E /* AppDelegate.m in Sources */,
				83627B471BF352F50062AB4E /* main.m in Sources */,
			);
			runOnlyForDeploymentPostprocessing = 0;
		};
		83627B571BF352F50062AB4E /* Sources */ = {
			isa = PBXSourcesBuildPhase;
			buildActionMask = 2147483647;
			files = (
				83627B601BF352F50062AB4E /* IOSEpiqTests.m in Sources */,
			);
			runOnlyForDeploymentPostprocessing = 0;
		};
/* End PBXSourcesBuildPhase section */

/* Begin PBXTargetDependency section */
		83627B5D1BF352F50062AB4E /* PBXTargetDependency */ = {
			isa = PBXTargetDependency;
			target = 83627B411BF352F50062AB4E /* IOSEpiq */;
			targetProxy = 83627B5C1BF352F50062AB4E /* PBXContainerItemProxy */;
		};
/* End PBXTargetDependency section */

/* Begin PBXVariantGroup section */
		83627B4E1BF352F50062AB4E /* Main.storyboard */ = {
			isa = PBXVariantGroup;
			children = (
				83627B4F1BF352F50062AB4E /* Base */,
			);
			name = Main.storyboard;
			sourceTree = "<group>";
		};
		83627B531BF352F50062AB4E /* LaunchScreen.storyboard */ = {
			isa = PBXVariantGroup;
			children = (
				83627B541BF352F50062AB4E /* Base */,
			);
			name = LaunchScreen.storyboard;
			sourceTree = "<group>";
		};
/* End PBXVariantGroup section */

/* Begin XCBuildConfiguration section */
		83627B621BF352F50062AB4E /* Debug */ = {
			isa = XCBuildConfiguration;
			buildSettings = {
				ALWAYS_SEARCH_USER_PATHS = NO;
				CLANG_CXX_LANGUAGE_STANDARD = "gnu++0x";
				CLANG_CXX_LIBRARY = "libc++";
				CLANG_ENABLE_MODULES = YES;
				CLANG_ENABLE_OBJC_ARC = YES;
				CLANG_WARN_BOOL_CONVERSION = YES;
				CLANG_WARN_CONSTANT_CONVERSION = YES;
				CLANG_WARN_DIRECT_OBJC_ISA_USAGE = YES_ERROR;
				CLANG_WARN_EMPTY_BODY = YES;
				CLANG_WARN_ENUM_CONVERSION = YES;
				CLANG_WARN_INT_CONVERSION = YES;
				CLANG_WARN_OBJC_ROOT_CLASS = YES_ERROR;
				CLANG_WARN_UNREACHABLE_CODE = YES;
				CLANG_WARN__DUPLICATE_METHOD_MATCH = YES;
				"CODE_SIGN_IDENTITY[sdk=iphoneos*]" = "iPhone Developer";
				COPY_PHASE_STRIP = NO;
				DEBUG_INFORMATION_FORMAT = dwarf;
				ENABLE_STRICT_OBJC_MSGSEND = YES;
				ENABLE_TESTABILITY = YES;
				GCC_C_LANGUAGE_STANDARD = gnu99;
				GCC_DYNAMIC_NO_PIC = NO;
				GCC_NO_COMMON_BLOCKS = YES;
				GCC_OPTIMIZATION_LEVEL = 0;
				GCC_PREPROCESSOR_DEFINITIONS = (
					"DEBUG=1",
					"$(inherited)",
				);
				GCC_WARN_64_TO_32_BIT_CONVERSION = YES;
				GCC_WARN_ABOUT_RETURN_TYPE = YES_ERROR;
				GCC_WARN_UNDECLARED_SELECTOR = YES;
				GCC_WARN_UNINITIALIZED_AUTOS = YES_AGGRESSIVE;
				GCC_WARN_UNUSED_FUNCTION = YES;
				GCC_WARN_UNUSED_VARIABLE = YES;
				IPHONEOS_DEPLOYMENT_TARGET = 9.1;
				MTL_ENABLE_DEBUG_INFO = YES;
				ONLY_ACTIVE_ARCH = YES;
				SDKROOT = iphoneos;
				TARGETED_DEVICE_FAMILY = "1,2";
			};
			name = Debug;
		};
		83627B631BF352F50062AB4E /* Release */ = {
			isa = XCBuildConfiguration;
			buildSettings = {
				ALWAYS_SEARCH_USER_PATHS = NO;
				CLANG_CXX_LANGUAGE_STANDARD = "gnu++0x";
				CLANG_CXX_LIBRARY = "libc++";
				CLANG_ENABLE_MODULES = YES;
				CLANG_ENABLE_OBJC_ARC = YES;
				CLANG_WARN_BOOL_CONVERSION = YES;
				CLANG_WARN_CONSTANT_CONVERSION = YES;
				CLANG_WARN_DIRECT_OBJC_ISA_USAGE = YES_ERROR;
				CLANG_WARN_EMPTY_BODY = YES;
				CLANG_WARN_ENUM_CONVERSION = YES;
				CLANG_WARN_INT_CONVERSION = YES;
				CLANG_WARN_OBJC_ROOT_CLASS = YES_ERROR;
				CLANG_WARN_UNREACHABLE_CODE = YES;
				CLANG_WARN__DUPLICATE_METHOD_MATCH = YES;
				"CODE_SIGN_IDENTITY[sdk=iphoneos*]" = "iPhone Developer";
				COPY_PHASE_STRIP = NO;
				DEBUG_INFORMATION_FORMAT = "dwarf-with-dsym";
				ENABLE_NS_ASSERTIONS = NO;
				ENABLE_STRICT_OBJC_MSGSEND = YES;
				GCC_C_LANGUAGE_STANDARD = gnu99;
				GCC_NO_COMMON_BLOCKS = YES;
				GCC_WARN_64_TO_32_BIT_CONVERSION = YES;
				GCC_WARN_ABOUT_RETURN_TYPE = YES_ERROR;
				GCC_WARN_UNDECLARED_SELECTOR = YES;
				GCC_WARN_UNINITIALIZED_AUTOS = YES_AGGRESSIVE;
				GCC_WARN_UNUSED_FUNCTION = YES;
				GCC_WARN_UNUSED_VARIABLE = YES;
				IPHONEOS_DEPLOYMENT_TARGET = 9.1;
				MTL_ENABLE_DEBUG_INFO = NO;
				SDKROOT = iphoneos;
				TARGETED_DEVICE_FAMILY = "1,2";
				VALIDATE_PRODUCT = YES;
			};
			name = Release;
		};
		83627B651BF352F50062AB4E /* Debug */ = {
			isa = XCBuildConfiguration;
			buildSettings = {
				ASSETCATALOG_COMPILER_APPICON_NAME = AppIcon;
				INFOPLIST_FILE = IOSEpiq/Info.plist;
				LD_RUNPATH_SEARCH_PATHS = "$(inherited) @executable_path/Frameworks";
				PRODUCT_BUNDLE_IDENTIFIER = com.qredo.IOSEpiq;
				PRODUCT_NAME = "$(TARGET_NAME)";
			};
			name = Debug;
		};
		83627B661BF352F50062AB4E /* Release */ = {
			isa = XCBuildConfiguration;
			buildSettings = {
				ASSETCATALOG_COMPILER_APPICON_NAME = AppIcon;
				INFOPLIST_FILE = IOSEpiq/Info.plist;
				LD_RUNPATH_SEARCH_PATHS = "$(inherited) @executable_path/Frameworks";
				PRODUCT_BUNDLE_IDENTIFIER = com.qredo.IOSEpiq;
				PRODUCT_NAME = "$(TARGET_NAME)";
			};
			name = Release;
		};
		83627B681BF352F50062AB4E /* Debug */ = {
			isa = XCBuildConfiguration;
			buildSettings = {
				BUNDLE_LOADER = "$(TEST_HOST)";
				INFOPLIST_FILE = IOSEpiqTests/Info.plist;
				LD_RUNPATH_SEARCH_PATHS = "$(inherited) @executable_path/Frameworks @loader_path/Frameworks";
				PRODUCT_BUNDLE_IDENTIFIER = com.qredo.IOSEpiqTests;
				PRODUCT_NAME = "$(TARGET_NAME)";
				TEST_HOST = "$(BUILT_PRODUCTS_DIR)/IOSEpiq.app/IOSEpiq";
			};
			name = Debug;
		};
		83627B691BF352F50062AB4E /* Release */ = {
			isa = XCBuildConfiguration;
			buildSettings = {
				BUNDLE_LOADER = "$(TEST_HOST)";
				INFOPLIST_FILE = IOSEpiqTests/Info.plist;
				LD_RUNPATH_SEARCH_PATHS = "$(inherited) @executable_path/Frameworks @loader_path/Frameworks";
				PRODUCT_BUNDLE_IDENTIFIER = com.qredo.IOSEpiqTests;
				PRODUCT_NAME = "$(TARGET_NAME)";
				TEST_HOST = "$(BUILT_PRODUCTS_DIR)/IOSEpiq.app/IOSEpiq";
			};
			name = Release;
		};
/* End XCBuildConfiguration section */

/* Begin XCConfigurationList section */
		83627B3D1BF352F50062AB4E /* Build configuration list for PBXProject "IOSEpiq" */ = {
			isa = XCConfigurationList;
			buildConfigurations = (
				83627B621BF352F50062AB4E /* Debug */,
				83627B631BF352F50062AB4E /* Release */,
			);
			defaultConfigurationIsVisible = 0;
			defaultConfigurationName = Release;
		};
		83627B641BF352F50062AB4E /* Build configuration list for PBXNativeTarget "IOSEpiq" */ = {
			isa = XCConfigurationList;
			buildConfigurations = (
				83627B651BF352F50062AB4E /* Debug */,
				83627B661BF352F50062AB4E /* Release */,
			);
			defaultConfigurationIsVisible = 0;
		};
		83627B671BF352F50062AB4E /* Build configuration list for PBXNativeTarget "IOSEpiqTests" */ = {
			isa = XCConfigurationList;
			buildConfigurations = (
				83627B681BF352F50062AB4E /* Debug */,
				83627B691BF352F50062AB4E /* Release */,
			);
			defaultConfigurationIsVisible = 0;
		};
/* End XCConfigurationList section */
	};
	rootObject = 83627B3A1BF352F50062AB4E /* Project object */;
}
